
Microsoft Visual Studio Solution File, Format Version 12.00
# Visual Studio Version 17
VisualStudioVersion = 17.14.36811.4 d17.14
MinimumVisualStudioVersion = 10.0.40219.1
Project("{FAE04EC0-301F-11D3-BF4B-00C04F79EFBC}") = "GameMemory", "GameMemory.csproj", "{0CDA4A72-AC5A-450A-A460-28DFCB2B8F39}"
EndProject
Global
	GlobalSection(SolutionConfigurationPlatforms) = preSolution
		Debug|Any CPU = Debug|Any CPU
		Release|Any CPU = Release|Any CPU
	EndGlobalSection
	GlobalSection(ProjectConfigurationPlatforms) = postSolution
		{0CDA4A72-AC5A-450A-A460-28DFCB2B8F39}.Debug|Any CPU.ActiveCfg = Debug|Any CPU
		{0CDA4A72-AC5A-450A-A460-28DFCB2B8F39}.Debug|Any CPU.Build.0 = Debug|Any CPU
		{0CDA4A72-AC5A-450A-A460-28DFCB2B8F39}.Release|Any CPU.ActiveCfg = Release|Any CPU
		{0CDA4A72-AC5A-450A-A460-28DFCB2B8F39}.Release|Any CPU.Build.0 = Release|Any CPU
	EndGlobalSection
	GlobalSection(SolutionProperties) = preSolution
		HideSolutionNode = FALSE
	EndGlobalSection
	GlobalSection(ExtensibilityGlobals) = postSolution
		SolutionGuid = {7A375A2C-6B6A-4E25-AFAC-096B33FD0B55}
	EndGlobalSection
EndGlobal
